
Microsoft Visual Studio Solution File, Format Version 12.00
# Visual Studio Version 17
VisualStudioVersion = 17.1.32228.430
MinimumVisualStudioVersion = 10.0.40219.1
Project("{FAE04EC0-301F-11D3-BF4B-00C04F79EFBC}") = "ShoppingCartApp", "shoppingcreateApp\ShoppingCartApp.csproj", "{56014CFA-AB67-4DB1-AB8E-38E3DD491F43}"
EndProject
Project("{FAE04EC0-301F-11D3-BF4B-00C04F79EFBC}") = "ShoppingLibrary", "ShoppingLibrary\ShoppingLibrary.csproj", "{AFD4AAA4-8E1B-4042-95A9-5FC74A413D38}"
EndProject
Global
	GlobalSection(SolutionConfigurationPlatforms) = preSolution
		Debug|Any CPU = Debug|Any CPU
		Release|Any CPU = Release|Any CPU
	EndGlobalSection
	GlobalSection(ProjectConfigurationPlatforms) = postSolution
		{56014CFA-AB67-4DB1-AB8E-38E3DD491F43}.Debug|Any CPU.ActiveCfg = Debug|Any CPU
		{56014CFA-AB67-4DB1-AB8E-38E3DD491F43}.Debug|Any CPU.Build.0 = Debug|Any CPU
		{56014CFA-AB67-4DB1-AB8E-38E3DD491F43}.Release|Any CPU.ActiveCfg = Release|Any CPU
		{56014CFA-AB67-4DB1-AB8E-38E3DD491F43}.Release|Any CPU.Build.0 = Release|Any CPU
		{AFD4AAA4-8E1B-4042-95A9-5FC74A413D38}.Debug|Any CPU.ActiveCfg = Debug|Any CPU
		{AFD4AAA4-8E1B-4042-95A9-5FC74A413D38}.Debug|Any CPU.Build.0 = Debug|Any CPU
		{AFD4AAA4-8E1B-4042-95A9-5FC74A413D38}.Release|Any CPU.ActiveCfg = Release|Any CPU
		{AFD4AAA4-8E1B-4042-95A9-5FC74A413D38}.Release|Any CPU.Build.0 = Release|Any CPU
	EndGlobalSection
	GlobalSection(SolutionProperties) = preSolution
		HideSolutionNode = FALSE
	EndGlobalSection
	GlobalSection(ExtensibilityGlobals) = postSolution
		SolutionGuid = {655A63AF-4F98-494C-8D9D-739C2DCBD373}
	EndGlobalSection
EndGlobal
